# This file was autogenerated by Stack.
# You should not edit this file by hand.
# For more information, please see the documentation at:
#   https://docs.haskellstack.org/en/stable/lock_files

packages:
- completed:
    hackage: reddit-0.3.0.0@sha256:88fd10f727b28e95bc32826e4ce3607b132ae6c48193b261a384023b77a376d3,5539
    pantry-tree:
      size: 5505
      sha256: 436cf09602ccae03199f192d932d0c2e18884e280fc69afe58cca1adbdde5add
  original:
    hackage: reddit-0.3.0.0
- completed:
    hackage: aeson-2.1.0.0@sha256:127f381d97f397c7c56bc5b99d0b5e4c9926be0bcfd8df67115f17392b13e17a,5960
    pantry-tree:
      size: 38191
      sha256: c0be8e1dd65453c821bf812846b77ba415d498321564472042e289c60999e37f
  original:
    hackage: aeson-2.1.0.0
- completed:
    hackage: api-builder-0.17.0.0@sha256:e3147e66a3f84b2e0542048716e1f25993fcf97e4f1b4319a2124a68ae03f6fe,2326
    pantry-tree:
      size: 1416
      sha256: 318e2a37bc0b68f93627428700972cb059a086b503b6ddd69f7ed84525326f92
  original:
    hackage: api-builder-0.17.0.0
- completed:
    hackage: OneTuple-0.3.1@sha256:fc32cb744477befa450a538ea4975cc523f0a2f1585cb5a36e9936a3d18e9a3c,2276
    pantry-tree:
      size: 506
      sha256: a45de98364d5a128ffcc07a05f2f3dd0befee311c7e106bc86dc87548288bc6b
  original:
    hackage: OneTuple-0.3.1
- completed:
    hackage: attoparsec-0.14.4@sha256:c0569d86c02cadd403017ea414dcb5e4f7de5380de0d8a92b9337cad84cd5e02,5811
    pantry-tree:
      size: 5039
      sha256: 093521478c28b3d4533f8ca367562e340ef3db234156a2b9aa7caa45d87e61c1
  original:
    hackage: attoparsec-0.14.4
- completed:
    hackage: generically-0.1@sha256:16d54a08bcdf708395c2200a28ffcba55e90479dc96ed617dbb94f0411f7a7af,1024
    pantry-tree:
      size: 232
      sha256: 302b140ee5ccf6754ab96154486051f9ab989d3cbaa7c9674e1e9f0de7cdd07b
  original:
    hackage: generically-0.1
- completed:
    hackage: hashable-1.4.1.0@sha256:50b2f002c68fe67730ee7a3cd8607486197dd99b084255005ad51ecd6970a41b,5019
    pantry-tree:
      size: 1248
      sha256: 9af2f7a42674f7effcabbebc043f97057240783f1709338a77f58216f4a5f18c
  original:
    hackage: hashable-1.4.1.0
- completed:
    hackage: semialign-1.2.0.1@sha256:ee3468e349e72ec0a604ae05573a4de7181d97d10366254244a0cca8a76d6c35,2852
    pantry-tree:
      size: 537
      sha256: 5d5420cd362beee642537472026ba42cf7f9c75e423b9ecc4a1b3482e247375b
  original:
    hackage: semialign-1.2.0.1
- completed:
    hackage: text-short-0.1.5@sha256:ebb77383743e214138cf9387875bc7d2665c5584b2e489fe1461240f19e7b53e,3161
    pantry-tree:
      size: 727
      sha256: 84bd9a189cbf9f9809801463ee59198b741048c0ea4292a9094ae1d913111d7d
  original:
    hackage: text-short-0.1.5
- completed:
    hackage: time-compat-1.9.6.1@sha256:5cf5fa19d32742816fa1423085cbfd626aef433101c0b97bf0e8f720a6f369d8,5047
    pantry-tree:
      size: 4113
      sha256: 69e1147f83d481b1a816d5d7cf84690bcd8ba1be66bc210bce9d0619098df374
  original:
    hackage: time-compat-1.9.6.1
snapshots:
- completed:
    size: 590100
    url: https://raw.githubusercontent.com/commercialhaskell/stackage-snapshots/master/lts/18/28.yaml
    sha256: 428ec8d5ce932190d3cbe266b9eb3c175cd81e984babf876b64019e2cbe4ea68
  original:
    url: https://raw.githubusercontent.com/commercialhaskell/stackage-snapshots/master/lts/18/28.yaml
